{
    "version": 3,
    "terraform_version": "0.11.14",
    "serial": 12,
    "lineage": "74d32d33-2434-3569-0c3f-006baf179313",
    "modules": [
        {
            "path": [
                "root"
            ],
            "outputs": {},
            "resources": {
                "google_compute_firewall.allow-ssh": {
                    "type": "google_compute_firewall",
                    "depends_on": [
                        "google_compute_network.vn"
                    ],
                    "primary": {
                        "id": "allow-internal",
                        "attributes": {
                            "allow.#": "1",
                            "allow.803338340.ports.#": "1",
                            "allow.803338340.ports.0": "22",
                            "allow.803338340.protocol": "tcp",
                            "creation_timestamp": "2019-05-28T03:47:40.484-07:00",
                            "deny.#": "0",
                            "description": "",
                            "destination_ranges.#": "0",
                            "direction": "INGRESS",
                            "disabled": "false",
                            "id": "allow-internal",
                            "name": "allow-internal",
                            "network": "https://www.googleapis.com/compute/v1/projects/ageless-answer-241907/global/networks/virtual-network",
                            "priority": "1000",
                            "project": "ageless-answer-241907",
                            "self_link": "https://www.googleapis.com/compute/v1/projects/ageless-answer-241907/global/firewalls/allow-internal",
                            "source_ranges.#": "1",
                            "source_ranges.1080289494": "0.0.0.0/0",
                            "source_service_accounts.#": "0",
                            "source_tags.#": "0",
                            "target_service_accounts.#": "0",
                            "target_tags.#": "1",
                            "target_tags.4002270276": "ssh"
                        },
                        "meta": {
                            "e2bfb730-ecaa-11e6-8f88-34363bc7c4c0": {
                                "create": 240000000000,
                                "delete": 240000000000,
                                "update": 240000000000
                            },
                            "schema_version": "1"
                        },
                        "tainted": false
                    },
                    "deposed": [],
                    "provider": "provider.google"
                },
                "google_compute_instance.k8s": {
                    "type": "google_compute_instance",
                    "depends_on": [
                        "google_compute_network.vn",
                        "google_compute_subnetwork.sub1"
                    ],
                    "primary": {
                        "id": "client-kubectl",
                        "attributes": {
                            "attached_disk.#": "0",
                            "boot_disk.#": "1",
                            "boot_disk.0.auto_delete": "true",
                            "boot_disk.0.device_name": "persistent-disk-0",
                            "boot_disk.0.disk_encryption_key_raw": "",
                            "boot_disk.0.disk_encryption_key_sha256": "",
                            "boot_disk.0.initialize_params.#": "1",
                            "boot_disk.0.initialize_params.0.image": "https://www.googleapis.com/compute/v1/projects/centos-cloud/global/images/centos-7-v20190515",
                            "boot_disk.0.initialize_params.0.size": "10",
                            "boot_disk.0.initialize_params.0.type": "pd-standard",
                            "boot_disk.0.kms_key_self_link": "",
                            "boot_disk.0.source": "https://www.googleapis.com/compute/v1/projects/ageless-answer-241907/zones/europe-west1-b/disks/client-kubectl",
                            "can_ip_forward": "false",
                            "cpu_platform": "Intel Haswell",
                            "deletion_protection": "false",
                            "guest_accelerator.#": "0",
                            "hostname": "",
                            "id": "client-kubectl",
                            "instance_id": "3942269565999820594",
                            "label_fingerprint": "42WmSpB8rSM=",
                            "labels.%": "0",
                            "machine_type": "n1-standard-1",
                            "metadata.%": "1",
                            "metadata.ssh-keys": "user01:ssh-rsa AAAAB3NzaC1yc2EAAAADAQABAAABAQCcEsC8FWQ2XSSs2JanvqxffD7/FPaR+Az0bcKJ9koN4Z/bA541VdHZoS14M5vRp12VtcQGdp+upfL0W7ZngOyBODO4N+uSWEMyKeL9bHLKXS4x7wc+ur2WbY/mYJXtI2W0reVIVvDl9bfaVxq2BvlHxuh/oUNwM3Y3jefQkRWDdvHv1yILvjaZ2VLaDwZRa/gDw3RJhhWcBAWTJ8ojPYrpuQ9/cmV4/RzM2fsuL0rhHNJRYe0TKQPNn+ra15wjopnD++4co8YmeLmpQcHPQivGBliLgMqBfhySNtA+s+smjdxEd5MXZDPSsUkIpFuwYtbMwrNyUA4Y9RhpuOwbmalD user01@localhost.localdomain",
                            "metadata_fingerprint": "iPkczBG4iJ0=",
                            "metadata_startup_script": "",
                            "min_cpu_platform": "",
                            "name": "client-kubectl",
                            "network_interface.#": "1",
                            "network_interface.0.access_config.#": "1",
                            "network_interface.0.access_config.0.assigned_nat_ip": "",
                            "network_interface.0.access_config.0.nat_ip": "34.76.205.176",
                            "network_interface.0.access_config.0.network_tier": "PREMIUM",
                            "network_interface.0.access_config.0.public_ptr_domain_name": "",
                            "network_interface.0.address": "",
                            "network_interface.0.alias_ip_range.#": "0",
                            "network_interface.0.name": "nic0",
                            "network_interface.0.network": "https://www.googleapis.com/compute/v1/projects/ageless-answer-241907/global/networks/virtual-network",
                            "network_interface.0.network_ip": "10.0.0.2",
                            "network_interface.0.subnetwork": "https://www.googleapis.com/compute/v1/projects/ageless-answer-241907/regions/europe-west1/subnetworks/subnetwork1",
                            "network_interface.0.subnetwork_project": "ageless-answer-241907",
                            "project": "ageless-answer-241907",
                            "scheduling.#": "1",
                            "scheduling.0.automatic_restart": "true",
                            "scheduling.0.node_affinities.#": "0",
                            "scheduling.0.on_host_maintenance": "MIGRATE",
                            "scheduling.0.preemptible": "false",
                            "scratch_disk.#": "0",
                            "self_link": "https://www.googleapis.com/compute/v1/projects/ageless-answer-241907/zones/europe-west1-b/instances/client-kubectl",
                            "service_account.#": "0",
                            "shielded_instance_config.#": "0",
                            "tags.#": "1",
                            "tags.4002270276": "ssh",
                            "tags_fingerprint": "pfSjJj1RiUg=",
                            "zone": "europe-west1-b"
                        },
                        "meta": {
                            "e2bfb730-ecaa-11e6-8f88-34363bc7c4c0": {
                                "create": 360000000000,
                                "delete": 360000000000,
                                "update": 360000000000
                            },
                            "schema_version": "6"
                        },
                        "tainted": false
                    },
                    "deposed": [],
                    "provider": "provider.google"
                },
                "google_compute_network.vn": {
                    "type": "google_compute_network",
                    "depends_on": [],
                    "primary": {
                        "id": "virtual-network",
                        "attributes": {
                            "auto_create_subnetworks": "false",
                            "delete_default_routes_on_create": "false",
                            "description": "",
                            "gateway_ipv4": "",
                            "id": "virtual-network",
                            "ipv4_range": "",
                            "name": "virtual-network",
                            "project": "ageless-answer-241907",
                            "routing_mode": "REGIONAL",
                            "self_link": "https://www.googleapis.com/compute/v1/projects/ageless-answer-241907/global/networks/virtual-network"
                        },
                        "meta": {
                            "e2bfb730-ecaa-11e6-8f88-34363bc7c4c0": {
                                "create": 240000000000,
                                "delete": 240000000000,
                                "update": 240000000000
                            }
                        },
                        "tainted": false
                    },
                    "deposed": [],
                    "provider": "provider.google"
                },
                "google_compute_subnetwork.sub1": {
                    "type": "google_compute_subnetwork",
                    "depends_on": [
                        "google_compute_network.vn"
                    ],
                    "primary": {
                        "id": "europe-west1/subnetwork1",
                        "attributes": {
                            "creation_timestamp": "2019-05-28T03:47:40.619-07:00",
                            "description": "",
                            "enable_flow_logs": "false",
                            "fingerprint": "vta5YIbRBY0=",
                            "gateway_address": "10.0.0.1",
                            "id": "europe-west1/subnetwork1",
                            "ip_cidr_range": "10.0.0.0/8",
                            "name": "subnetwork1",
                            "network": "https://www.googleapis.com/compute/v1/projects/ageless-answer-241907/global/networks/virtual-network",
                            "private_ip_google_access": "false",
                            "project": "ageless-answer-241907",
                            "region": "europe-west1",
                            "secondary_ip_range.#": "0",
                            "self_link": "https://www.googleapis.com/compute/v1/projects/ageless-answer-241907/regions/europe-west1/subnetworks/subnetwork1"
                        },
                        "meta": {
                            "e2bfb730-ecaa-11e6-8f88-34363bc7c4c0": {
                                "create": 360000000000,
                                "delete": 360000000000,
                                "update": 360000000000
                            }
                        },
                        "tainted": false
                    },
                    "deposed": [],
                    "provider": "provider.google"
                },
                "google_compute_subnetwork.sub2": {
                    "type": "google_compute_subnetwork",
                    "depends_on": [
                        "google_compute_network.vn"
                    ],
                    "primary": {
                        "id": "europe-west1/subnetwork2",
                        "attributes": {
                            "creation_timestamp": "2019-05-28T03:47:40.573-07:00",
                            "description": "",
                            "enable_flow_logs": "false",
                            "fingerprint": "cRd1Q0cniJ4=",
                            "gateway_address": "192.168.0.1",
                            "id": "europe-west1/subnetwork2",
                            "ip_cidr_range": "192.168.0.0/16",
                            "name": "subnetwork2",
                            "network": "https://www.googleapis.com/compute/v1/projects/ageless-answer-241907/global/networks/virtual-network",
                            "private_ip_google_access": "false",
                            "project": "ageless-answer-241907",
                            "region": "europe-west1",
                            "secondary_ip_range.#": "2",
                            "secondary_ip_range.0.ip_cidr_range": "172.16.0.0/16",
                            "secondary_ip_range.0.range_name": "plage-secondaire1",
                            "secondary_ip_range.1.ip_cidr_range": "172.17.0.0/16",
                            "secondary_ip_range.1.range_name": "plage-secondaire2",
                            "self_link": "https://www.googleapis.com/compute/v1/projects/ageless-answer-241907/regions/europe-west1/subnetworks/subnetwork2"
                        },
                        "meta": {
                            "e2bfb730-ecaa-11e6-8f88-34363bc7c4c0": {
                                "create": 360000000000,
                                "delete": 360000000000,
                                "update": 360000000000
                            }
                        },
                        "tainted": false
                    },
                    "deposed": [],
                    "provider": "provider.google"
                },
                "google_container_cluster.cluster": {
                    "type": "google_container_cluster",
                    "depends_on": [
                        "google_compute_network.vn",
                        "google_compute_subnetwork.sub2"
                    ],
                    "primary": {
                        "id": "cluster-k8s",
                        "attributes": {
                            "additional_zones.#": "0",
                            "addons_config.#": "1",
                            "addons_config.0.horizontal_pod_autoscaling.#": "0",
                            "addons_config.0.http_load_balancing.#": "0",
                            "addons_config.0.kubernetes_dashboard.#": "1",
                            "addons_config.0.kubernetes_dashboard.0.disabled": "true",
                            "addons_config.0.network_policy_config.#": "1",
                            "addons_config.0.network_policy_config.0.disabled": "true",
                            "cluster_autoscaling.#": "0",
                            "cluster_ipv4_cidr": "172.16.0.0/16",
                            "description": "",
                            "enable_kubernetes_alpha": "false",
                            "enable_legacy_abac": "false",
                            "endpoint": "9.0.0.2",
                            "id": "cluster-k8s",
                            "initial_node_count": "2",
                            "instance_group_urls.#": "0",
                            "ip_allocation_policy.#": "1",
                            "ip_allocation_policy.0.cluster_ipv4_cidr_block": "172.16.0.0/16",
                            "ip_allocation_policy.0.cluster_secondary_range_name": "plage-secondaire1",
                            "ip_allocation_policy.0.create_subnetwork": "false",
                            "ip_allocation_policy.0.node_ipv4_cidr_block": "192.168.0.0/16",
                            "ip_allocation_policy.0.services_ipv4_cidr_block": "172.17.0.0/16",
                            "ip_allocation_policy.0.services_secondary_range_name": "plage-secondaire2",
                            "ip_allocation_policy.0.subnetwork_name": "",
                            "ip_allocation_policy.0.use_ip_aliases": "true",
                            "location": "europe-west1-b",
                            "logging_service": "logging.googleapis.com",
                            "maintenance_policy.#": "0",
                            "master_auth.#": "1",
                            "master_auth.0.client_certificate": "",
                            "master_auth.0.client_certificate_config.#": "1",
                            "master_auth.0.client_certificate_config.0.issue_client_certificate": "false",
                            "master_auth.0.client_key": "",
                            "master_auth.0.cluster_ca_certificate": "LS0tLS1CRUdJTiBDRVJUSUZJQ0FURS0tLS0tCk1JSURDekNDQWZPZ0F3SUJBZ0lRV2lxN01SYXdVMzgvLzRzYVBpbzVNakFOQmdrcWhraUc5dzBCQVFzRkFEQXYKTVMwd0t3WURWUVFERXlRMU16ZzRZelpoTVMwNVpqTTRMVFJoWVRBdE9UTmpaUzFoWTJZNE9HWXhZamhrTW1VdwpIaGNOTVRrd05USTRNRGsxTVRVM1doY05NalF3TlRJMk1UQTFNVFUzV2pBdk1TMHdLd1lEVlFRREV5UTFNemc0Cll6WmhNUzA1WmpNNExUUmhZVEF0T1ROalpTMWhZMlk0T0dZeFlqaGtNbVV3Z2dFaU1BMEdDU3FHU0liM0RRRUIKQVFVQUE0SUJEd0F3Z2dFS0FvSUJBUUMvYjFSSEV4VzYraWREbm40bGJvdWk5TlBtSzU4clhZTnZVMElLbkVmegpJYys2c2crR2VSTUZSSUdhbGpBNExKQUZXZ09CTjFraENEOUU2L29HbVhiZmJvNktvNEVlRy9meHZvd1czazF4ClFQWkpGOWxyTEdrandiMjd5eU5OWmpYY21haEJDS041VFhyMG1YM3FIQzhGUUxNRGZPYTZ1UmxOTjA2TmN5cVQKQnh2RWJzVEdLU1l2bVZsYWZ0VzBuMGhpTkFHbXJWWjI0YVlmRkdrZE54d1FKR0xKQzdrZ2xweWpBSzlUOWExSQpURnp2MzJrUUl0QkpvNWJWVnVuME8vNVVod28yWG5ubnI3emdRdzRqc3E4TVlYTUZKWlJEVHo0ejV0aENmQlc0CjBHaytsUkp3bEhUampjK0owT0V4bFQ0c3VrbGpCUFJDVVZySGdGaDdtWGtqQWdNQkFBR2pJekFoTUE0R0ExVWQKRHdFQi93UUVBd0lDQkRBUEJnTlZIUk1CQWY4RUJUQURBUUgvTUEwR0NTcUdTSWIzRFFFQkN3VUFBNElCQVFBOQpvYys3d1ZQQTJ3UkVGaFNDUUFLdWpYS1k4TXloaGtaSWIrSWp5MCtaOGJDWms3NXNPbno0b09HM2Vud2k5QWdHCmZWc1VCLzVsSllvaEcyNEVxa2J6azJKZ3Fjem03Vms1OWJGVnFncTFaUVdpZnluWU53WVc2UTh2WWNiUGhHU0EKVXR5YkFHWTFsd21kRU8yZWVyRXN5cnoySHZJa3lQTGNrM2hUMm5xOWZiTU5IQzlrZ3l1SXNiNVo3NXpnNXoxVwprdWtld3E5ZkJTbEdIQlkrVW1IcEU2YStIZGU2MloxMHBWOU5OL1V2TmdnL1BCQ3hxcnU4SWVQK3N0YkRhTWRHCkVXdHlVR1BxN0VRUUtwWnphVHM3ZGVLdnlmdWVrSW43cjFFaVFQamVKME5MaUFpejhpNlFDdnVQUEU1ak5VeVMKQTVwempyWUt5OW9qYmUyR2RIOGwKLS0tLS1FTkQgQ0VSVElGSUNBVEUtLS0tLQo=",
                            "master_auth.0.password": "",
                            "master_auth.0.username": "",
                            "master_authorized_networks_config.#": "1",
                            "master_authorized_networks_config.0.cidr_blocks.#": "1",
                            "master_authorized_networks_config.0.cidr_blocks.1985973915.cidr_block": "10.0.0.0/8",
                            "master_authorized_networks_config.0.cidr_blocks.1985973915.display_name": "",
                            "master_version": "1.12.7-gke.10",
                            "monitoring_service": "monitoring.googleapis.com",
                            "name": "cluster-k8s",
                            "network": "projects/ageless-answer-241907/global/networks/virtual-network",
                            "network_policy.#": "1",
                            "network_policy.0.enabled": "false",
                            "network_policy.0.provider": "PROVIDER_UNSPECIFIED",
                            "node_config.#": "0",
                            "node_locations.#": "0",
                            "node_pool.#": "0",
                            "node_version": "1.12.7-gke.10",
                            "private_cluster_config.#": "1",
                            "private_cluster_config.0.enable_private_endpoint": "true",
                            "private_cluster_config.0.enable_private_nodes": "true",
                            "private_cluster_config.0.master_ipv4_cidr_block": "9.0.0.0/28",
                            "private_cluster_config.0.private_endpoint": "9.0.0.2",
                            "private_cluster_config.0.public_endpoint": "35.233.95.82",
                            "project": "ageless-answer-241907",
                            "remove_default_node_pool": "true",
                            "resource_labels.%": "0",
                            "subnetwork": "projects/ageless-answer-241907/regions/europe-west1/subnetworks/subnetwork2",
                            "zone": "europe-west1-b"
                        },
                        "meta": {
                            "e2bfb730-ecaa-11e6-8f88-34363bc7c4c0": {
                                "create": 1800000000000,
                                "delete": 1800000000000,
                                "update": 1800000000000
                            },
                            "schema_version": "1"
                        },
                        "tainted": false
                    },
                    "deposed": [],
                    "provider": "provider.google"
                },
                "google_container_node_pool.extra-pool": {
                    "type": "google_container_node_pool",
                    "depends_on": [
                        "google_container_cluster.cluster"
                    ],
                    "primary": {
                        "id": "europe-west1-b/cluster-k8s/extra-node-pool",
                        "attributes": {
                            "cluster": "cluster-k8s",
                            "id": "europe-west1-b/cluster-k8s/extra-node-pool",
                            "initial_node_count": "1",
                            "instance_group_urls.#": "1",
                            "instance_group_urls.0": "https://www.googleapis.com/compute/v1/projects/ageless-answer-241907/zones/europe-west1-b/instanceGroupManagers/gke-cluster-k8s-extra-node-pool-3ec804f7-grp",
                            "location": "europe-west1-b",
                            "management.#": "1",
                            "management.0.auto_repair": "false",
                            "management.0.auto_upgrade": "false",
                            "name": "extra-node-pool",
                            "name_prefix": "",
                            "node_config.#": "1",
                            "node_config.0.disk_size_gb": "100",
                            "node_config.0.disk_type": "pd-standard",
                            "node_config.0.guest_accelerator.#": "0",
                            "node_config.0.image_type": "COS",
                            "node_config.0.labels.%": "0",
                            "node_config.0.local_ssd_count": "0",
                            "node_config.0.machine_type": "n1-standard-1",
                            "node_config.0.metadata.%": "1",
                            "node_config.0.metadata.disable-legacy-endpoints": "true",
                            "node_config.0.min_cpu_platform": "",
                            "node_config.0.oauth_scopes.#": "6",
                            "node_config.0.oauth_scopes.1277378754": "https://www.googleapis.com/auth/monitoring",
                            "node_config.0.oauth_scopes.1632638332": "https://www.googleapis.com/auth/devstorage.read_only",
                            "node_config.0.oauth_scopes.172152165": "https://www.googleapis.com/auth/logging.write",
                            "node_config.0.oauth_scopes.316356861": "https://www.googleapis.com/auth/service.management.readonly",
                            "node_config.0.oauth_scopes.3663490875": "https://www.googleapis.com/auth/servicecontrol",
                            "node_config.0.oauth_scopes.3859019814": "https://www.googleapis.com/auth/trace.append",
                            "node_config.0.preemptible": "false",
                            "node_config.0.service_account": "default",
                            "node_config.0.tags.#": "0",
                            "node_config.0.taint.#": "0",
                            "node_config.0.workload_metadata_config.#": "0",
                            "node_count": "1",
                            "project": "ageless-answer-241907",
                            "version": "1.12.7-gke.10",
                            "zone": "europe-west1-b"
                        },
                        "meta": {
                            "e2bfb730-ecaa-11e6-8f88-34363bc7c4c0": {
                                "create": 1800000000000,
                                "delete": 600000000000,
                                "update": 600000000000
                            },
                            "schema_version": "1"
                        },
                        "tainted": false
                    },
                    "deposed": [],
                    "provider": "provider.google"
                }
            },
            "depends_on": []
        }
    ]
}
