{
    "version": 3,
    "terraform_version": "0.11.14",
    "serial": 12,
    "lineage": "74d32d33-2434-3569-0c3f-006baf179313",
    "modules": [
        {
            "path": [
                "root"
            ],
            "outputs": {},
            "resources": {
                "google_compute_firewall.allow-ssh": {
                    "type": "google_compute_firewall",
                    "depends_on": [
                        "google_compute_network.vn"
                    ],
                    "primary": {
                        "id": "allow-internal",
                        "attributes": {
                            "allow.#": "1",
                            "allow.803338340.ports.#": "1",
                            "allow.803338340.ports.0": "22",
                            "allow.803338340.protocol": "tcp",
                            "creation_timestamp": "2019-05-28T03:47:40.484-07:00",
                            "deny.#": "0",
                            "description": "",
                            "destination_ranges.#": "0",
                            "direction": "INGRESS",
                            "disabled": "false",
                            "id": "allow-internal",
                            "name": "allow-internal",
                            "network": "https://www.googleapis.com/compute/v1/projects/ageless-answer-241907/global/networks/virtual-network",
                            "priority": "1000",
                            "project": "ageless-answer-241907",
                            "self_link": "https://www.googleapis.com/compute/v1/projects/ageless-answer-241907/global/firewalls/allow-internal",
                            "source_ranges.#": "1",
                            "source_ranges.1080289494": "0.0.0.0/0",
                            "source_service_accounts.#": "0",
                            "source_tags.#": "0",
                            "target_service_accounts.#": "0",
                            "target_tags.#": "1",
                            "target_tags.4002270276": "ssh"
                        },
                        "meta": {
                            "e2bfb730-ecaa-11e6-8f88-34363bc7c4c0": {
                                "create": 240000000000,
                                "delete": 240000000000,
                                "update": 240000000000
                            },
                            "schema_version": "1"
                        },
                        "tainted": false
                    },
                    "deposed": [],
                    "provider": "provider.google"
                },
                "google_compute_instance.k8s": {
                    "type": "google_compute_instance",
                    "depends_on": [
                        "google_compute_network.vn",
                        "google_compute_subnetwork.sub1"
                    ],
                    "primary": {
                        "id": "client-kubectl",
                        "attributes": {
                            "attached_disk.#": "0",
                            "boot_disk.#": "1",
                            "boot_disk.0.auto_delete": "true",
                            "boot_disk.0.device_name": "persistent-disk-0",
                            "boot_disk.0.disk_encryption_key_raw": "",
                            "boot_disk.0.disk_encryption_key_sha256": "",
                            "boot_disk.0.initialize_params.#": "1",
                            "boot_disk.0.initialize_params.0.image": "https://www.googleapis.com/compute/v1/projects/centos-cloud/global/images/centos-7-v20190515",
                            "boot_disk.0.initialize_params.0.size": "10",
                            "boot_disk.0.initialize_params.0.type": "pd-standard",
                            "boot_disk.0.kms_key_self_link": "",
                            "boot_disk.0.source": "https://www.googleapis.com/compute/v1/projects/ageless-answer-241907/zones/europe-west1-b/disks/client-kubectl",
                            "can_ip_forward": "false",
                            "cpu_platform": "Intel Haswell",
                            "deletion_protection": "false",
                            "guest_accelerator.#": "0",
                            "hostname": "",
                            "id": "client-kubectl",
                            "instance_id": "3942269565999820594",
                            "label_fingerprint": "42WmSpB8rSM=",
                            "labels.%": "0",
                            "machine_type": "n1-standard-1",
                            "metadata.%": "1",
                            "metadata.ssh-keys": "user01:ssh-rsa AAAAB3NzaC1yc2EAAAADAQABAAABAQCcEsC8FWQ2XSSs2JanvqxffD7/FPaR+Az0bcKJ9koN4Z/bA541VdHZoS14M5vRp12VtcQGdp+upfL0W7ZngOyBODO4N+uSWEMyKeL9bHLKXS4x7wc+ur2WbY/mYJXtI2W0reVIVvDl9bfaVxq2BvlHxuh/oUNwM3Y3jefQkRWDdvHv1yILvjaZ2VLaDwZRa/gDw3RJhhWcBAWTJ8ojPYrpuQ9/cmV4/RzM2fsuL0rhHNJRYe0TKQPNn+ra15wjopnD++4co8YmeLmpQcHPQivGBliLgMqBfhySNtA+s+smjdxEd5MXZDPSsUkIpFuwYtbMwrNyUA4Y9RhpuOwbmalD user01@localhost.localdomain",
                            "metadata_fingerprint": "iPkczBG4iJ0=",
                            "metadata_startup_script": "",
                            "min_cpu_platform": "",
                            "name": "client-kubectl",
                            "network_interface.#": "1",
                            "network_interface.0.access_config.#": "1",
                            "network_interface.0.access_config.0.assigned_nat_ip": "",
                            "network_interface.0.access_config.0.nat_ip": "34.76.205.176",
                            "network_interface.0.access_config.0.network_tier": "PREMIUM",
                            "network_interface.0.access_config.0.public_ptr_domain_name": "",
                            "network_interface.0.address": "",
                            "network_interface.0.alias_ip_range.#": "0",
                            "network_interface.0.name": "nic0",
                            "network_interface.0.network": "https://www.googleapis.com/compute/v1/projects/ageless-answer-241907/global/networks/virtual-network",
                            "network_interface.0.network_ip": "10.0.0.2",
                            "network_interface.0.subnetwork": "https://www.googleapis.com/compute/v1/projects/ageless-answer-241907/regions/europe-west1/subnetworks/subnetwork1",
                            "network_interface.0.subnetwork_project": "ageless-answer-241907",
                            "project": "ageless-answer-241907",
                            "scheduling.#": "1",
                            "scheduling.0.automatic_restart": "true",
                            "scheduling.0.node_affinities.#": "0",
                            "scheduling.0.on_host_maintenance": "MIGRATE",
                            "scheduling.0.preemptible": "false",
                            "scratch_disk.#": "0",
                            "self_link": "https://www.googleapis.com/compute/v1/projects/ageless-answer-241907/zones/europe-west1-b/instances/client-kubectl",
                            "service_account.#": "0",
                            "shielded_instance_config.#": "0",
                            "tags.#": "1",
                            "tags.4002270276": "ssh",
                            "tags_fingerprint": "pfSjJj1RiUg=",
                            "zone": "europe-west1-b"
                        },
                        "meta": {
                            "e2bfb730-ecaa-11e6-8f88-34363bc7c4c0": {
                                "create": 360000000000,
                                "delete": 360000000000,
                                "update": 360000000000
                            },
                            "schema_version": "6"
                        },
                        "tainted": false
                    },
                    "deposed": [],
                    "provider": "provider.google"
                },
                "google_compute_network.vn": {
                    "type": "google_compute_network",
                    "depends_on": [],
                    "primary": {
                        "id": "virtual-network",
                        "attributes": {
                            "auto_create_subnetworks": "false",
                            "delete_default_routes_on_create": "false",
                            "description": "",
                            "gateway_ipv4": "",
                            "id": "virtual-network",
                            "ipv4_range": "",
                            "name": "virtual-network",
                            "project": "ageless-answer-241907",
                            "routing_mode": "REGIONAL",
                            "self_link": "https://www.googleapis.com/compute/v1/projects/ageless-answer-241907/global/networks/virtual-network"
                        },
                        "meta": {
                            "e2bfb730-ecaa-11e6-8f88-34363bc7c4c0": {
                                "create": 240000000000,
                                "delete": 240000000000,
                                "update": 240000000000
                            }
                        },
                        "tainted": false
                    },
                    "deposed": [],
                    "provider": "provider.google"
                },
                "google_compute_subnetwork.sub1": {
                    "type": "google_compute_subnetwork",
                    "depends_on": [
                        "google_compute_network.vn"
                    ],
                    "primary": {
                        "id": "europe-west1/subnetwork1",
                        "attributes": {
                            "creation_timestamp": "2019-05-28T03:47:40.619-07:00",
                            "description": "",
                            "enable_flow_logs": "false",
                            "fingerprint": "vta5YIbRBY0=",
                            "gateway_address": "10.0.0.1",
                            "id": "europe-west1/subnetwork1",
                            "ip_cidr_range": "10.0.0.0/8",
                            "name": "subnetwork1",
                            "network": "https://www.googleapis.com/compute/v1/projects/ageless-answer-241907/global/networks/virtual-network",
                            "private_ip_google_access": "false",
                            "project": "ageless-answer-241907",
                            "region": "europe-west1",
                            "secondary_ip_range.#": "0",
                            "self_link": "https://www.googleapis.com/compute/v1/projects/ageless-answer-241907/regions/europe-west1/subnetworks/subnetwork1"
                        },
                        "meta": {
                            "e2bfb730-ecaa-11e6-8f88-34363bc7c4c0": {
                                "create": 360000000000,
                                "delete": 360000000000,
                                "update": 360000000000
                            }
                        },
                        "tainted": false
                    },
                    "deposed": [],
                    "provider": "provider.google"
                },
                "google_compute_subnetwork.sub2": {
                    "type": "google_compute_subnetwork",
                    "depends_on": [
                        "google_compute_network.vn"
                    ],
                    "primary": {
                        "id": "europe-west1/subnetwork2",
                        "attributes": {
                            "creation_timestamp": "2019-05-28T03:47:40.573-07:00",
                            "description": "",
                            "enable_flow_logs": "false",
                            "fingerprint": "cRd1Q0cniJ4=",
                            "gateway_address": "192.168.0.1",
                            "id": "europe-west1/subnetwork2",
                            "ip_cidr_range": "192.168.0.0/16",
                            "name": "subnetwork2",
                            "network": "https://www.googleapis.com/compute/v1/projects/ageless-answer-241907/global/networks/virtual-network",
                            "private_ip_google_access": "false",
                            "project": "ageless-answer-241907",
                            "region": "europe-west1",
                            "secondary_ip_range.#": "2",
                            "secondary_ip_range.0.ip_cidr_range": "172.16.0.0/16",
                            "secondary_ip_range.0.range_name": "plage-secondaire1",
                            "secondary_ip_range.1.ip_cidr_range": "172.17.0.0/16",
                            "secondary_ip_range.1.range_name": "plage-secondaire2",
                            "self_link": "https://www.googleapis.com/compute/v1/projects/ageless-answer-241907/regions/europe-west1/subnetworks/subnetwork2"
                        },
                        "meta": {
                            "e2bfb730-ecaa-11e6-8f88-34363bc7c4c0": {
                                "create": 360000000000,
                                "delete": 360000000000,
                                "update": 360000000000
                            }
                        },
                        "tainted": false
                    },
                    "deposed": [],
                    "provider": "provider.google"
                }
            },
            "depends_on": []
        }
    ]
}
